
Microsoft Visual Studio Solution File, Format Version 12.00
# Visual Studio 2013
VisualStudioVersion = 12.0.31101.0
MinimumVisualStudioVersion = 10.0.40219.1
Project("{FAE04EC0-301F-11D3-BF4B-00C04F79EFBC}") = "EDelivery.IntegrationClientTest", "EDelivery.IntegrationClientTest\EDelivery.IntegrationClientTest.csproj", "{A187AEBA-D3EA-4AE1-8BED-CA4A8BE955FD}"
EndProject
Global
	GlobalSection(TeamFoundationVersionControl) = preSolution
		SccNumberOfProjects = 2
		SccEnterpriseProvider = {4CA58AB2-18FA-4F8D-95D4-32DDF27D184C}
		SccTeamFoundationServer = https://natalylazarova.visualstudio.com/defaultcollection
		SccLocalPath0 = .
		SccProjectUniqueName1 = EDelivery.IntegrationClientTest\\EDelivery.IntegrationClientTest.csproj
		SccProjectName1 = EDelivery.IntegrationClientTest
		SccLocalPath1 = EDelivery.IntegrationClientTest
	EndGlobalSection
	GlobalSection(SolutionConfigurationPlatforms) = preSolution
		Debug|Any CPU = Debug|Any CPU
		Release|Any CPU = Release|Any CPU
	EndGlobalSection
	GlobalSection(ProjectConfigurationPlatforms) = postSolution
		{A187AEBA-D3EA-4AE1-8BED-CA4A8BE955FD}.Debug|Any CPU.ActiveCfg = Debug|Any CPU
		{A187AEBA-D3EA-4AE1-8BED-CA4A8BE955FD}.Debug|Any CPU.Build.0 = Debug|Any CPU
		{A187AEBA-D3EA-4AE1-8BED-CA4A8BE955FD}.Release|Any CPU.ActiveCfg = Release|Any CPU
		{A187AEBA-D3EA-4AE1-8BED-CA4A8BE955FD}.Release|Any CPU.Build.0 = Release|Any CPU
	EndGlobalSection
	GlobalSection(SolutionProperties) = preSolution
		HideSolutionNode = FALSE
	EndGlobalSection
EndGlobal
